
Microsoft Visual Studio Solution File, Format Version 12.00
# Visual Studio Version 17
VisualStudioVersion = 17.14.36908.2 d17.14
MinimumVisualStudioVersion = 10.0.40219.1
Project("{FAE04EC0-301F-11D3-BF4B-00C04F79EFBC}") = "src", "src\src.csproj", "{C0F51000-EA1C-4C78-BA5C-A09C318B1471}"
EndProject
Global
	GlobalSection(SolutionConfigurationPlatforms) = preSolution
		Debug|Any CPU = Debug|Any CPU
		Release|Any CPU = Release|Any CPU
	EndGlobalSection
	GlobalSection(ProjectConfigurationPlatforms) = postSolution
		{C0F51000-EA1C-4C78-BA5C-A09C318B1471}.Debug|Any CPU.ActiveCfg = Debug|Any CPU
		{C0F51000-EA1C-4C78-BA5C-A09C318B1471}.Debug|Any CPU.Build.0 = Debug|Any CPU
		{C0F51000-EA1C-4C78-BA5C-A09C318B1471}.Release|Any CPU.ActiveCfg = Release|Any CPU
		{C0F51000-EA1C-4C78-BA5C-A09C318B1471}.Release|Any CPU.Build.0 = Release|Any CPU
	EndGlobalSection
	GlobalSection(SolutionProperties) = preSolution
		HideSolutionNode = FALSE
	EndGlobalSection
	GlobalSection(ExtensibilityGlobals) = postSolution
		SolutionGuid = {3D139790-63F0-48E5-AFD1-C0589E01766E}
	EndGlobalSection
EndGlobal
